
Microsoft Visual Studio Solution File, Format Version 12.00
# Visual Studio Version 17
VisualStudioVersion = 17.11.35327.3
MinimumVisualStudioVersion = 10.0.40219.1
Project("{FAE04EC0-301F-11D3-BF4B-00C04F79EFBC}") = "Progamming", "Progamming\Progamming.csproj", "{BBE1B2BD-6FED-4EE1-8136-83C164217B29}"
EndProject
Global
	GlobalSection(SolutionConfigurationPlatforms) = preSolution
		Debug|Any CPU = Debug|Any CPU
		Release|Any CPU = Release|Any CPU
	EndGlobalSection
	GlobalSection(ProjectConfigurationPlatforms) = postSolution
		{BBE1B2BD-6FED-4EE1-8136-83C164217B29}.Debug|Any CPU.ActiveCfg = Debug|Any CPU
		{BBE1B2BD-6FED-4EE1-8136-83C164217B29}.Debug|Any CPU.Build.0 = Debug|Any CPU
		{BBE1B2BD-6FED-4EE1-8136-83C164217B29}.Release|Any CPU.ActiveCfg = Release|Any CPU
		{BBE1B2BD-6FED-4EE1-8136-83C164217B29}.Release|Any CPU.Build.0 = Release|Any CPU
	EndGlobalSection
	GlobalSection(SolutionProperties) = preSolution
		HideSolutionNode = FALSE
	EndGlobalSection
	GlobalSection(ExtensibilityGlobals) = postSolution
		SolutionGuid = {16CD4CB2-0681-4B48-9689-42D9687E5250}
	EndGlobalSection
EndGlobal
